
Microsoft Visual Studio Solution File, Format Version 12.00
# Visual Studio 2012
Project("{8BC9CEB8-8B4A-11D0-8D11-00A0C91BC942}") = "Blade", "Blade\Blade.vcxproj", "{F0382E02-42F0-4762-B26B-2C51CE408F05}"
EndProject
Project("{8BC9CEB8-8B4A-11D0-8D11-00A0C91BC942}") = "Poison", "Poison\Poison\Poison.vcxproj", "{CE0D360F-F3C1-4A2E-AF03-0472826DB675}"
EndProject
Global
	GlobalSection(SubversionScc) = preSolution
		Svn-Managed = True
		Manager = AnkhSVN - Subversion Support for Visual Studio
	EndGlobalSection
	GlobalSection(SolutionConfigurationPlatforms) = preSolution
		Debug|Win32 = Debug|Win32
		Release|Win32 = Release|Win32
	EndGlobalSection
	GlobalSection(ProjectConfigurationPlatforms) = postSolution
		{F0382E02-42F0-4762-B26B-2C51CE408F05}.Debug|Win32.ActiveCfg = Debug|Win32
		{F0382E02-42F0-4762-B26B-2C51CE408F05}.Debug|Win32.Build.0 = Debug|Win32
		{F0382E02-42F0-4762-B26B-2C51CE408F05}.Release|Win32.ActiveCfg = Release|Win32
		{F0382E02-42F0-4762-B26B-2C51CE408F05}.Release|Win32.Build.0 = Release|Win32
		{CE0D360F-F3C1-4A2E-AF03-0472826DB675}.Debug|Win32.ActiveCfg = Debug|Win32
		{CE0D360F-F3C1-4A2E-AF03-0472826DB675}.Debug|Win32.Build.0 = Debug|Win32
		{CE0D360F-F3C1-4A2E-AF03-0472826DB675}.Release|Win32.ActiveCfg = Release|Win32
		{CE0D360F-F3C1-4A2E-AF03-0472826DB675}.Release|Win32.Build.0 = Release|Win32
	EndGlobalSection
	GlobalSection(SolutionProperties) = preSolution
		HideSolutionNode = FALSE
	EndGlobalSection
EndGlobal
